
Microsoft Visual Studio Solution File, Format Version 12.00
# Visual Studio Version 16
VisualStudioVersion = 16.0.30804.86
MinimumVisualStudioVersion = 10.0.40219.1
Project("{FAE04EC0-301F-11D3-BF4B-00C04F79EFBC}") = "ClassMetotDemo", "ClassMetotDemo\ClassMetotDemo.csproj", "{18DC1AF2-9E48-4A2C-8A2A-AAC342B881DF}"
EndProject
Global
	GlobalSection(SolutionConfigurationPlatforms) = preSolution
		Debug|Any CPU = Debug|Any CPU
		Release|Any CPU = Release|Any CPU
	EndGlobalSection
	GlobalSection(ProjectConfigurationPlatforms) = postSolution
		{18DC1AF2-9E48-4A2C-8A2A-AAC342B881DF}.Debug|Any CPU.ActiveCfg = Debug|Any CPU
		{18DC1AF2-9E48-4A2C-8A2A-AAC342B881DF}.Debug|Any CPU.Build.0 = Debug|Any CPU
		{18DC1AF2-9E48-4A2C-8A2A-AAC342B881DF}.Release|Any CPU.ActiveCfg = Release|Any CPU
		{18DC1AF2-9E48-4A2C-8A2A-AAC342B881DF}.Release|Any CPU.Build.0 = Release|Any CPU
	EndGlobalSection
	GlobalSection(SolutionProperties) = preSolution
		HideSolutionNode = FALSE
	EndGlobalSection
	GlobalSection(ExtensibilityGlobals) = postSolution
		SolutionGuid = {AA49358D-DAFC-4C89-8B61-D99E4870111D}
	EndGlobalSection
EndGlobal
